{
  "name": "understanding-preact",
  "version": "1.0.0",
  "lockfileVersion": 1,
  "requires": true,
  "dependencies": {
    "preact": {
      "version": "10.1.1",
      "resolved": "https://registry.npmjs.org/preact/-/preact-10.1.1.tgz",
      "integrity": "sha512-mKW7Cdn68XMhdes0FjyIbA8+IVPsj3aIuAEQlZVkj9E2VhujWcXZEfwirBoXK6qZYfj1djaTBDCFKjAu1sK93w==",
      "dev": true
    }
  }
}
